# THIS IS AN AUTOGENERATED FILE. DO NOT EDIT THIS FILE DIRECTLY.
# yarn lockfile v1


"@types/pegjs@^0.10.1":
  version "0.10.1"
  resolved "https://registry.yarnpkg.com/@types/pegjs/-/pegjs-0.10.1.tgz#9a2f3961dc62430fdb21061eb0ddbd890f9e3b94"
  integrity sha512-ra8IchO9odGQmYKbm+94K58UyKCEKdZh9y0vxhG4pIpOJOBlC1C+ZtBVr6jLs+/oJ4pl+1p/4t3JtBA8J10Vvw==

pegjs@^0.10.0:
  version "0.10.0"
  resolved "https://registry.yarnpkg.com/pegjs/-/pegjs-0.10.0.tgz#cf8bafae6eddff4b5a7efb185269eaaf4610ddbd"
  integrity sha1-z4uvrm7d/0tafvsYUmnqr0YQ3b0=

ts-pegjs@^0.2.5:
  version "0.2.5"
  resolved "https://registry.yarnpkg.com/ts-pegjs/-/ts-pegjs-0.2.5.tgz#fb38d7dd09f2932fab8706519f744ab3c97434b3"
  integrity sha512-Fhao8z9VDCTgDLQn/GGHoRkydBdddUmJqrGvpbqeHRRgr7/UuMC7uHOsYTaVnYPQTT79mydcTJr09KvTDikfNA==
  dependencies:
    pegjs "^0.10.0"

typescript@^3.5.1:
  version "3.5.1"
  resolved "https://registry.yarnpkg.com/typescript/-/typescript-3.5.1.tgz#ba72a6a600b2158139c5dd8850f700e231464202"
  integrity sha512-64HkdiRv1yYZsSe4xC1WVgamNigVYjlssIoaH2HcZF0+ijsk5YK2g0G34w9wJkze8+5ow4STd22AynfO6ZYYLw==
